
Microsoft Visual Studio Solution File, Format Version 12.00
Project("{FAE04EC0-301F-11D3-BF4B-00C04F79EFBC}") = "SecondLab", "SecondLab\SecondLab.csproj", "{C0FA1E7E-2F2E-4E8C-B785-1EDC3EED2CC7}"
EndProject
Project("{FAE04EC0-301F-11D3-BF4B-00C04F79EFBC}") = "FourthLab", "FourthLab\FourthLab.csproj", "{B5D9ED3C-E9A1-4532-850A-B0992A94A8E1}"
EndProject
Project("{FAE04EC0-301F-11D3-BF4B-00C04F79EFBC}") = "ThirdLab", "ThirdLab\ThirdLab.csproj", "{9A7F3A54-0D56-4B4F-B6D7-4D6C12974B48}"
EndProject
Global
	GlobalSection(SolutionConfigurationPlatforms) = preSolution
		Debug|Any CPU = Debug|Any CPU
		Release|Any CPU = Release|Any CPU
	EndGlobalSection
	GlobalSection(ProjectConfigurationPlatforms) = postSolution
		{C0FA1E7E-2F2E-4E8C-B785-1EDC3EED2CC7}.Debug|Any CPU.ActiveCfg = Debug|Any CPU
		{C0FA1E7E-2F2E-4E8C-B785-1EDC3EED2CC7}.Debug|Any CPU.Build.0 = Debug|Any CPU
		{C0FA1E7E-2F2E-4E8C-B785-1EDC3EED2CC7}.Release|Any CPU.ActiveCfg = Release|Any CPU
		{C0FA1E7E-2F2E-4E8C-B785-1EDC3EED2CC7}.Release|Any CPU.Build.0 = Release|Any CPU
		{B5D9ED3C-E9A1-4532-850A-B0992A94A8E1}.Debug|Any CPU.ActiveCfg = Debug|Any CPU
		{B5D9ED3C-E9A1-4532-850A-B0992A94A8E1}.Debug|Any CPU.Build.0 = Debug|Any CPU
		{B5D9ED3C-E9A1-4532-850A-B0992A94A8E1}.Release|Any CPU.ActiveCfg = Release|Any CPU
		{B5D9ED3C-E9A1-4532-850A-B0992A94A8E1}.Release|Any CPU.Build.0 = Release|Any CPU
		{9A7F3A54-0D56-4B4F-B6D7-4D6C12974B48}.Debug|Any CPU.ActiveCfg = Debug|Any CPU
		{9A7F3A54-0D56-4B4F-B6D7-4D6C12974B48}.Debug|Any CPU.Build.0 = Debug|Any CPU
		{9A7F3A54-0D56-4B4F-B6D7-4D6C12974B48}.Release|Any CPU.ActiveCfg = Release|Any CPU
		{9A7F3A54-0D56-4B4F-B6D7-4D6C12974B48}.Release|Any CPU.Build.0 = Release|Any CPU
	EndGlobalSection
EndGlobal
